// !$*UTF8*$!
{
	archiveVersion = 1;
	classes = {
	};
	objectVersion = 77;
	objects = {

/* Begin PBXBuildFile section */
		843E15D92F1199E9009B5523 /* FEATURE_MANIFEST.md in Resources */ = {isa = PBXBuildFile; fileRef = 843E15D82F1199E8009B5523 /* FEATURE_MANIFEST.md */; };
		843E15E12F131F70009B5523 /* PROJECT_MANIFEST.md in Resources */ = {isa = PBXBuildFile; fileRef = 843E15E02F131F70009B5523 /* PROJECT_MANIFEST.md */; };
		8490D07A2EEA419200351B1C /* AppleSignInView.swift in Sources */ = {isa = PBXBuildFile; fileRef = 8490D0792EEA419200351B1C /* AppleSignInView.swift */; };
		8490D07E2EEA464400351B1C /* WelcomeView.swift in Sources */ = {isa = PBXBuildFile; fileRef = 8490D07D2EEA464400351B1C /* WelcomeView.swift */; };
		8490D0E62EECE3DC00351B1C /* WorkoutExportSupport.swift in Sources */ = {isa = PBXBuildFile; fileRef = 8490D0E52EECE3DC00351B1C /* WorkoutExportSupport.swift */; };
		84A9652A2F1832E400AAC855 /* SocialPrivacySettings.swift in Sources */ = {isa = PBXBuildFile; fileRef = 84A965292F1832E400AAC855 /* SocialPrivacySettings.swift */; };
		84A9652C2F1832FA00AAC855 /* SocialPrivacySettingsView.swift in Sources */ = {isa = PBXBuildFile; fileRef = 84A9652B2F1832FA00AAC855 /* SocialPrivacySettingsView.swift */; };
		84A9652E2F18333900AAC855 /* SOCIAL_IMPLEMENTATION_ROADMAP.md in Resources */ = {isa = PBXBuildFile; fileRef = 84A9652D2F18333900AAC855 /* SOCIAL_IMPLEMENTATION_ROADMAP.md */; };
		84A965302F18B37800AAC855 /* SOCIAL_STATUS_REPORT.md in Resources */ = {isa = PBXBuildFile; fileRef = 84A9652F2F18B37800AAC855 /* SOCIAL_STATUS_REPORT.md */; };
		84A965322F18B76200AAC855 /* END_OF_DAY_SUMMARY.md in Resources */ = {isa = PBXBuildFile; fileRef = 84A965312F18B76200AAC855 /* END_OF_DAY_SUMMARY.md */; };
		84A965342F18B77E00AAC855 /* QUICK_START_NEXT_SESSION.md in Resources */ = {isa = PBXBuildFile; fileRef = 84A965332F18B77E00AAC855 /* QUICK_START_NEXT_SESSION.md */; };
		84B87A5F2F132D7200DE5E40 /* WorkoutCreationButtonRow.swift in Sources */ = {isa = PBXBuildFile; fileRef = 84B87A5E2F132D7200DE5E40 /* WorkoutCreationButtonRow.swift */; };
		84B87A612F132EC600DE5E40 /* CreateWorkoutView.swift in Sources */ = {isa = PBXBuildFile; fileRef = 84B87A602F132EC600DE5E40 /* CreateWorkoutView.swift */; };
		84B87A652F133C4000DE5E40 /* BrowseWorkoutsViewNew.swift in Sources */ = {isa = PBXBuildFile; fileRef = 84B87A642F133C4000DE5E40 /* BrowseWorkoutsViewNew.swift */; };
/* End PBXBuildFile section */

/* Begin PBXContainerItemProxy section */
		842446E02EE15B7D0018DAA6 /* PBXContainerItemProxy */ = {
			isa = PBXContainerItemProxy;
			containerPortal = 842446C72EE15B790018DAA6 /* Project object */;
			proxyType = 1;
			remoteGlobalIDString = 842446CE2EE15B790018DAA6;
			remoteInfo = VinProWorkoutTracker;
		};
		842446EA2EE15B7D0018DAA6 /* PBXContainerItemProxy */ = {
			isa = PBXContainerItemProxy;
			containerPortal = 842446C72EE15B790018DAA6 /* Project object */;
			proxyType = 1;
			remoteGlobalIDString = 842446CE2EE15B790018DAA6;
			remoteInfo = VinProWorkoutTracker;
		};
/* End PBXContainerItemProxy section */

/* Begin PBXFileReference section */
		842446CF2EE15B790018DAA6 /* VinProWorkoutTracker.app */ = {isa = PBXFileReference; explicitFileType = wrapper.application; includeInIndex = 0; path = VinProWorkoutTracker.app; sourceTree = BUILT_PRODUCTS_DIR; };
		842446DF2EE15B7D0018DAA6 /* VinProWorkoutTrackerTests.xctest */ = {isa = PBXFileReference; explicitFileType = wrapper.cfbundle; includeInIndex = 0; path = VinProWorkoutTrackerTests.xctest; sourceTree = BUILT_PRODUCTS_DIR; };
		842446E92EE15B7D0018DAA6 /* VinProWorkoutTrackerUITests.xctest */ = {isa = PBXFileReference; explicitFileType = wrapper.cfbundle; includeInIndex = 0; path = VinProWorkoutTrackerUITests.xctest; sourceTree = BUILT_PRODUCTS_DIR; };
		843E15D82F1199E8009B5523 /* FEATURE_MANIFEST.md */ = {isa = PBXFileReference; lastKnownFileType = net.daringfireball.markdown; path = FEATURE_MANIFEST.md; sourceTree = "<group>"; };
		843E15E02F131F70009B5523 /* PROJECT_MANIFEST.md */ = {isa = PBXFileReference; lastKnownFileType = net.daringfireball.markdown; path = PROJECT_MANIFEST.md; sourceTree = "<group>"; };
		8490D0792EEA419200351B1C /* AppleSignInView.swift */ = {isa = PBXFileReference; lastKnownFileType = sourcecode.swift; path = AppleSignInView.swift; sourceTree = "<group>"; };
		8490D07D2EEA464400351B1C /* WelcomeView.swift */ = {isa = PBXFileReference; lastKnownFileType = sourcecode.swift; path = WelcomeView.swift; sourceTree = "<group>"; };
		8490D0E52EECE3DC00351B1C /* WorkoutExportSupport.swift */ = {isa = PBXFileReference; lastKnownFileType = sourcecode.swift; path = WorkoutExportSupport.swift; sourceTree = "<group>"; };
		84A965292F1832E400AAC855 /* SocialPrivacySettings.swift */ = {isa = PBXFileReference; lastKnownFileType = sourcecode.swift; path = SocialPrivacySettings.swift; sourceTree = "<group>"; };
		84A9652B2F1832FA00AAC855 /* SocialPrivacySettingsView.swift */ = {isa = PBXFileReference; lastKnownFileType = sourcecode.swift; path = SocialPrivacySettingsView.swift; sourceTree = "<group>"; };
		84A9652D2F18333900AAC855 /* SOCIAL_IMPLEMENTATION_ROADMAP.md */ = {isa = PBXFileReference; lastKnownFileType = net.daringfireball.markdown; path = SOCIAL_IMPLEMENTATION_ROADMAP.md; sourceTree = "<group>"; };
		84A9652F2F18B37800AAC855 /* SOCIAL_STATUS_REPORT.md */ = {isa = PBXFileReference; lastKnownFileType = net.daringfireball.markdown; path = SOCIAL_STATUS_REPORT.md; sourceTree = "<group>"; };
		84A965312F18B76200AAC855 /* END_OF_DAY_SUMMARY.md */ = {isa = PBXFileReference; lastKnownFileType = net.daringfireball.markdown; path = END_OF_DAY_SUMMARY.md; sourceTree = "<group>"; };
		84A965332F18B77E00AAC855 /* QUICK_START_NEXT_SESSION.md */ = {isa = PBXFileReference; lastKnownFileType = net.daringfireball.markdown; path = QUICK_START_NEXT_SESSION.md; sourceTree = "<group>"; };
		84B87A5E2F132D7200DE5E40 /* WorkoutCreationButtonRow.swift */ = {isa = PBXFileReference; lastKnownFileType = sourcecode.swift; path = WorkoutCreationButtonRow.swift; sourceTree = "<group>"; };
		84B87A602F132EC600DE5E40 /* CreateWorkoutView.swift */ = {isa = PBXFileReference; lastKnownFileType = sourcecode.swift; path = CreateWorkoutView.swift; sourceTree = "<group>"; };
		84B87A642F133C4000DE5E40 /* BrowseWorkoutsViewNew.swift */ = {isa = PBXFileReference; lastKnownFileType = sourcecode.swift; path = BrowseWorkoutsViewNew.swift; sourceTree = "<group>"; };
/* End PBXFileReference section */

/* Begin PBXFileSystemSynchronizedBuildFileExceptionSet section */
		847EA8322F03B3CC0058EC1C /* Exceptions for "VinProWorkoutTracker" folder in "VinProWorkoutTracker" target */ = {
			isa = PBXFileSystemSynchronizedBuildFileExceptionSet;
			membershipExceptions = (
				Info.plist,
			);
			target = 842446CE2EE15B790018DAA6 /* VinProWorkoutTracker */;
		};
/* End PBXFileSystemSynchronizedBuildFileExceptionSet section */

/* Begin PBXFileSystemSynchronizedRootGroup section */
		842446D12EE15B790018DAA6 /* VinProWorkoutTracker */ = {
			isa = PBXFileSystemSynchronizedRootGroup;
			exceptions = (
				847EA8322F03B3CC0058EC1C /* Exceptions for "VinProWorkoutTracker" folder in "VinProWorkoutTracker" target */,
			);
			path = VinProWorkoutTracker;
			sourceTree = "<group>";
		};
		842446E22EE15B7D0018DAA6 /* VinProWorkoutTrackerTests */ = {
			isa = PBXFileSystemSynchronizedRootGroup;
			path = VinProWorkoutTrackerTests;
			sourceTree = "<group>";
		};
		842446EC2EE15B7D0018DAA6 /* VinProWorkoutTrackerUITests */ = {
			isa = PBXFileSystemSynchronizedRootGroup;
			path = VinProWorkoutTrackerUITests;
			sourceTree = "<group>";
		};
/* End PBXFileSystemSynchronizedRootGroup section */

/* Begin PBXFrameworksBuildPhase section */
		842446CC2EE15B790018DAA6 /* Frameworks */ = {
			isa = PBXFrameworksBuildPhase;
			buildActionMask = 2147483647;
			files = (
			);
			runOnlyForDeploymentPostprocessing = 0;
		};
		842446DC2EE15B7D0018DAA6 /* Frameworks */ = {
			isa = PBXFrameworksBuildPhase;
			buildActionMask = 2147483647;
			files = (
			);
			runOnlyForDeploymentPostprocessing = 0;
		};
		842446E62EE15B7D0018DAA6 /* Frameworks */ = {
			isa = PBXFrameworksBuildPhase;
			buildActionMask = 2147483647;
			files = (
			);
			runOnlyForDeploymentPostprocessing = 0;
		};
/* End PBXFrameworksBuildPhase section */

/* Begin PBXGroup section */
		842446C62EE15B790018DAA6 = {
			isa = PBXGroup;
			children = (
				8490D0E52EECE3DC00351B1C /* WorkoutExportSupport.swift */,
				8490D07D2EEA464400351B1C /* WelcomeView.swift */,
				8490D0792EEA419200351B1C /* AppleSignInView.swift */,
				842446D12EE15B790018DAA6 /* VinProWorkoutTracker */,
				842446E22EE15B7D0018DAA6 /* VinProWorkoutTrackerTests */,
				842446EC2EE15B7D0018DAA6 /* VinProWorkoutTrackerUITests */,
				842446D02EE15B790018DAA6 /* Products */,
				843E15D82F1199E8009B5523 /* FEATURE_MANIFEST.md */,
				843E15E02F131F70009B5523 /* PROJECT_MANIFEST.md */,
				84B87A5E2F132D7200DE5E40 /* WorkoutCreationButtonRow.swift */,
				84B87A602F132EC600DE5E40 /* CreateWorkoutView.swift */,
				84B87A642F133C4000DE5E40 /* BrowseWorkoutsViewNew.swift */,
				84A965292F1832E400AAC855 /* SocialPrivacySettings.swift */,
				84A9652B2F1832FA00AAC855 /* SocialPrivacySettingsView.swift */,
				84A9652D2F18333900AAC855 /* SOCIAL_IMPLEMENTATION_ROADMAP.md */,
				84A9652F2F18B37800AAC855 /* SOCIAL_STATUS_REPORT.md */,
				84A965312F18B76200AAC855 /* END_OF_DAY_SUMMARY.md */,
				84A965332F18B77E00AAC855 /* QUICK_START_NEXT_SESSION.md */,
			);
			sourceTree = "<group>";
		};
		842446D02EE15B790018DAA6 /* Products */ = {
			isa = PBXGroup;
			children = (
				842446CF2EE15B790018DAA6 /* VinProWorkoutTracker.app */,
				842446DF2EE15B7D0018DAA6 /* VinProWorkoutTrackerTests.xctest */,
				842446E92EE15B7D0018DAA6 /* VinProWorkoutTrackerUITests.xctest */,
			);
			name = Products;
			sourceTree = "<group>";
		};
/* End PBXGroup section */

/* Begin PBXNativeTarget section */
		842446CE2EE15B790018DAA6 /* VinProWorkoutTracker */ = {
			isa = PBXNativeTarget;
			buildConfigurationList = 842446F32EE15B7D0018DAA6 /* Build configuration list for PBXNativeTarget "VinProWorkoutTracker" */;
			buildPhases = (
				842446CB2EE15B790018DAA6 /* Sources */,
				842446CC2EE15B790018DAA6 /* Frameworks */,
				842446CD2EE15B790018DAA6 /* Resources */,
			);
			buildRules = (
			);
			dependencies = (
			);
			fileSystemSynchronizedGroups = (
				842446D12EE15B790018DAA6 /* VinProWorkoutTracker */,
			);
			name = VinProWorkoutTracker;
			packageProductDependencies = (
			);
			productName = VinProWorkoutTracker;
			productReference = 842446CF2EE15B790018DAA6 /* VinProWorkoutTracker.app */;
			productType = "com.apple.product-type.application";
		};
		842446DE2EE15B7D0018DAA6 /* VinProWorkoutTrackerTests */ = {
			isa = PBXNativeTarget;
			buildConfigurationList = 842446F62EE15B7D0018DAA6 /* Build configuration list for PBXNativeTarget "VinProWorkoutTrackerTests" */;
			buildPhases = (
				842446DB2EE15B7D0018DAA6 /* Sources */,
				842446DC2EE15B7D0018DAA6 /* Frameworks */,
				842446DD2EE15B7D0018DAA6 /* Resources */,
			);
			buildRules = (
			);
			dependencies = (
				842446E12EE15B7D0018DAA6 /* PBXTargetDependency */,
			);
			fileSystemSynchronizedGroups = (
				842446E22EE15B7D0018DAA6 /* VinProWorkoutTrackerTests */,
			);
			name = VinProWorkoutTrackerTests;
			packageProductDependencies = (
			);
			productName = VinProWorkoutTrackerTests;
			productReference = 842446DF2EE15B7D0018DAA6 /* VinProWorkoutTrackerTests.xctest */;
			productType = "com.apple.product-type.bundle.unit-test";
		};
		842446E82EE15B7D0018DAA6 /* VinProWorkoutTrackerUITests */ = {
			isa = PBXNativeTarget;
			buildConfigurationList = 842446F92EE15B7D0018DAA6 /* Build configuration list for PBXNativeTarget "VinProWorkoutTrackerUITests" */;
			buildPhases = (
				842446E52EE15B7D0018DAA6 /* Sources */,
				842446E62EE15B7D0018DAA6 /* Frameworks */,
				842446E72EE15B7D0018DAA6 /* Resources */,
			);
			buildRules = (
			);
			dependencies = (
				842446EB2EE15B7D0018DAA6 /* PBXTargetDependency */,
			);
			fileSystemSynchronizedGroups = (
				842446EC2EE15B7D0018DAA6 /* VinProWorkoutTrackerUITests */,
			);
			name = VinProWorkoutTrackerUITests;
			packageProductDependencies = (
			);
			productName = VinProWorkoutTrackerUITests;
			productReference = 842446E92EE15B7D0018DAA6 /* VinProWorkoutTrackerUITests.xctest */;
			productType = "com.apple.product-type.bundle.ui-testing";
		};
/* End PBXNativeTarget section */

/* Begin PBXProject section */
		842446C72EE15B790018DAA6 /* Project object */ = {
			isa = PBXProject;
			attributes = {
				BuildIndependentTargetsInParallel = 1;
				LastSwiftUpdateCheck = 1620;
				LastUpgradeCheck = 2620;
				TargetAttributes = {
					842446CE2EE15B790018DAA6 = {
						CreatedOnToolsVersion = 16.2;
					};
					842446DE2EE15B7D0018DAA6 = {
						CreatedOnToolsVersion = 16.2;
						TestTargetID = 842446CE2EE15B790018DAA6;
					};
					842446E82EE15B7D0018DAA6 = {
						CreatedOnToolsVersion = 16.2;
						TestTargetID = 842446CE2EE15B790018DAA6;
					};
				};
			};
			buildConfigurationList = 842446CA2EE15B790018DAA6 /* Build configuration list for PBXProject "VinProWorkoutTracker" */;
			developmentRegion = en;
			hasScannedForEncodings = 0;
			knownRegions = (
				en,
				Base,
			);
			mainGroup = 842446C62EE15B790018DAA6;
			minimizedProjectReferenceProxies = 1;
			preferredProjectObjectVersion = 77;
			productRefGroup = 842446D02EE15B790018DAA6 /* Products */;
			projectDirPath = "";
			projectRoot = "";
			targets = (
				842446CE2EE15B790018DAA6 /* VinProWorkoutTracker */,
				842446DE2EE15B7D0018DAA6 /* VinProWorkoutTrackerTests */,
				842446E82EE15B7D0018DAA6 /* VinProWorkoutTrackerUITests */,
			);
		};
/* End PBXProject section */

/* Begin PBXResourcesBuildPhase section */
		842446CD2EE15B790018DAA6 /* Resources */ = {
			isa = PBXResourcesBuildPhase;
			buildActionMask = 2147483647;
			files = (
				843E15E12F131F70009B5523 /* PROJECT_MANIFEST.md in Resources */,
				84A965342F18B77E00AAC855 /* QUICK_START_NEXT_SESSION.md in Resources */,
				84A965322F18B76200AAC855 /* END_OF_DAY_SUMMARY.md in Resources */,
				84A9652E2F18333900AAC855 /* SOCIAL_IMPLEMENTATION_ROADMAP.md in Resources */,
				843E15D92F1199E9009B5523 /* FEATURE_MANIFEST.md in Resources */,
				84A965302F18B37800AAC855 /* SOCIAL_STATUS_REPORT.md in Resources */,
			);
			runOnlyForDeploymentPostprocessing = 0;
		};
		842446DD2EE15B7D0018DAA6 /* Resources */ = {
			isa = PBXResourcesBuildPhase;
			buildActionMask = 2147483647;
			files = (
			);
			runOnlyForDeploymentPostprocessing = 0;
		};
		842446E72EE15B7D0018DAA6 /* Resources */ = {
			isa = PBXResourcesBuildPhase;
			buildActionMask = 2147483647;
			files = (
			);
			runOnlyForDeploymentPostprocessing = 0;
		};
/* End PBXResourcesBuildPhase section */

/* Begin PBXSourcesBuildPhase section */
		842446CB2EE15B790018DAA6 /* Sources */ = {
			isa = PBXSourcesBuildPhase;
			buildActionMask = 2147483647;
			files = (
				84A9652A2F1832E400AAC855 /* SocialPrivacySettings.swift in Sources */,
				8490D0E62EECE3DC00351B1C /* WorkoutExportSupport.swift in Sources */,
				84B87A612F132EC600DE5E40 /* CreateWorkoutView.swift in Sources */,
				84B87A5F2F132D7200DE5E40 /* WorkoutCreationButtonRow.swift in Sources */,
				84B87A652F133C4000DE5E40 /* BrowseWorkoutsViewNew.swift in Sources */,
				84A9652C2F1832FA00AAC855 /* SocialPrivacySettingsView.swift in Sources */,
				8490D07A2EEA419200351B1C /* AppleSignInView.swift in Sources */,
				8490D07E2EEA464400351B1C /* WelcomeView.swift in Sources */,
			);
			runOnlyForDeploymentPostprocessing = 0;
		};
		842446DB2EE15B7D0018DAA6 /* Sources */ = {
			isa = PBXSourcesBuildPhase;
			buildActionMask = 2147483647;
			files = (
			);
			runOnlyForDeploymentPostprocessing = 0;
		};
		842446E52EE15B7D0018DAA6 /* Sources */ = {
			isa = PBXSourcesBuildPhase;
			buildActionMask = 2147483647;
			files = (
			);
			runOnlyForDeploymentPostprocessing = 0;
		};
/* End PBXSourcesBuildPhase section */

/* Begin PBXTargetDependency section */
		842446E12EE15B7D0018DAA6 /* PBXTargetDependency */ = {
			isa = PBXTargetDependency;
			target = 842446CE2EE15B790018DAA6 /* VinProWorkoutTracker */;
			targetProxy = 842446E02EE15B7D0018DAA6 /* PBXContainerItemProxy */;
		};
		842446EB2EE15B7D0018DAA6 /* PBXTargetDependency */ = {
			isa = PBXTargetDependency;
			target = 842446CE2EE15B790018DAA6 /* VinProWorkoutTracker */;
			targetProxy = 842446EA2EE15B7D0018DAA6 /* PBXContainerItemProxy */;
		};
/* End PBXTargetDependency section */

/* Begin XCBuildConfiguration section */
		842446F12EE15B7D0018DAA6 /* Debug */ = {
			isa = XCBuildConfiguration;
			buildSettings = {
				ALWAYS_SEARCH_USER_PATHS = NO;
				ASSETCATALOG_COMPILER_GENERATE_SWIFT_ASSET_SYMBOL_EXTENSIONS = YES;
				CLANG_ANALYZER_NONNULL = YES;
				CLANG_ANALYZER_NUMBER_OBJECT_CONVERSION = YES_AGGRESSIVE;
				CLANG_CXX_LANGUAGE_STANDARD = "gnu++20";
				CLANG_ENABLE_MODULES = YES;
				CLANG_ENABLE_OBJC_ARC = YES;
				CLANG_ENABLE_OBJC_WEAK = YES;
				CLANG_WARN_BLOCK_CAPTURE_AUTORELEASING = YES;
				CLANG_WARN_BOOL_CONVERSION = YES;
				CLANG_WARN_COMMA = YES;
				CLANG_WARN_CONSTANT_CONVERSION = YES;
				CLANG_WARN_DEPRECATED_OBJC_IMPLEMENTATIONS = YES;
				CLANG_WARN_DIRECT_OBJC_ISA_USAGE = YES_ERROR;
				CLANG_WARN_DOCUMENTATION_COMMENTS = YES;
				CLANG_WARN_EMPTY_BODY = YES;
				CLANG_WARN_ENUM_CONVERSION = YES;
				CLANG_WARN_INFINITE_RECURSION = YES;
				CLANG_WARN_INT_CONVERSION = YES;
				CLANG_WARN_NON_LITERAL_NULL_CONVERSION = YES;
				CLANG_WARN_OBJC_IMPLICIT_RETAIN_SELF = YES;
				CLANG_WARN_OBJC_LITERAL_CONVERSION = YES;
				CLANG_WARN_OBJC_ROOT_CLASS = YES_ERROR;
				CLANG_WARN_QUOTED_INCLUDE_IN_FRAMEWORK_HEADER = YES;
				CLANG_WARN_RANGE_LOOP_ANALYSIS = YES;
				CLANG_WARN_STRICT_PROTOTYPES = YES;
				CLANG_WARN_SUSPICIOUS_MOVE = YES;
				CLANG_WARN_UNGUARDED_AVAILABILITY = YES_AGGRESSIVE;
				CLANG_WARN_UNREACHABLE_CODE = YES;
				CLANG_WARN__DUPLICATE_METHOD_MATCH = YES;
				COPY_PHASE_STRIP = NO;
				DEBUG_INFORMATION_FORMAT = dwarf;
				DEVELOPMENT_TEAM = 3DR939YJ4V;
				ENABLE_STRICT_OBJC_MSGSEND = YES;
				ENABLE_TESTABILITY = YES;
				ENABLE_USER_SCRIPT_SANDBOXING = YES;
				GCC_C_LANGUAGE_STANDARD = gnu17;
				GCC_DYNAMIC_NO_PIC = NO;
				GCC_NO_COMMON_BLOCKS = YES;
				GCC_OPTIMIZATION_LEVEL = 0;
				GCC_PREPROCESSOR_DEFINITIONS = (
					"DEBUG=1",
					"$(inherited)",
				);
				GCC_WARN_64_TO_32_BIT_CONVERSION = YES;
				GCC_WARN_ABOUT_RETURN_TYPE = YES_ERROR;
				GCC_WARN_UNDECLARED_SELECTOR = YES;
				GCC_WARN_UNINITIALIZED_AUTOS = YES_AGGRESSIVE;
				GCC_WARN_UNUSED_FUNCTION = YES;
				GCC_WARN_UNUSED_VARIABLE = YES;
				IPHONEOS_DEPLOYMENT_TARGET = 18.2;
				LOCALIZATION_PREFERS_STRING_CATALOGS = YES;
				MTL_ENABLE_DEBUG_INFO = INCLUDE_SOURCE;
				MTL_FAST_MATH = YES;
				ONLY_ACTIVE_ARCH = YES;
				SDKROOT = iphoneos;
				STRING_CATALOG_GENERATE_SYMBOLS = YES;
				SWIFT_ACTIVE_COMPILATION_CONDITIONS = "DEBUG $(inherited)";
				SWIFT_OPTIMIZATION_LEVEL = "-Onone";
			};
			name = Debug;
		};
		842446F22EE15B7D0018DAA6 /* Release */ = {
			isa = XCBuildConfiguration;
			buildSettings = {
				ALWAYS_SEARCH_USER_PATHS = NO;
				ASSETCATALOG_COMPILER_GENERATE_SWIFT_ASSET_SYMBOL_EXTENSIONS = YES;
				CLANG_ANALYZER_NONNULL = YES;
				CLANG_ANALYZER_NUMBER_OBJECT_CONVERSION = YES_AGGRESSIVE;
				CLANG_CXX_LANGUAGE_STANDARD = "gnu++20";
				CLANG_ENABLE_MODULES = YES;
				CLANG_ENABLE_OBJC_ARC = YES;
				CLANG_ENABLE_OBJC_WEAK = YES;
				CLANG_WARN_BLOCK_CAPTURE_AUTORELEASING = YES;
				CLANG_WARN_BOOL_CONVERSION = YES;
				CLANG_WARN_COMMA = YES;
				CLANG_WARN_CONSTANT_CONVERSION = YES;
				CLANG_WARN_DEPRECATED_OBJC_IMPLEMENTATIONS = YES;
				CLANG_WARN_DIRECT_OBJC_ISA_USAGE = YES_ERROR;
				CLANG_WARN_DOCUMENTATION_COMMENTS = YES;
				CLANG_WARN_EMPTY_BODY = YES;
				CLANG_WARN_ENUM_CONVERSION = YES;
				CLANG_WARN_INFINITE_RECURSION = YES;
				CLANG_WARN_INT_CONVERSION = YES;
				CLANG_WARN_NON_LITERAL_NULL_CONVERSION = YES;
				CLANG_WARN_OBJC_IMPLICIT_RETAIN_SELF = YES;
				CLANG_WARN_OBJC_LITERAL_CONVERSION = YES;
				CLANG_WARN_OBJC_ROOT_CLASS = YES_ERROR;
				CLANG_WARN_QUOTED_INCLUDE_IN_FRAMEWORK_HEADER = YES;
				CLANG_WARN_RANGE_LOOP_ANALYSIS = YES;
				CLANG_WARN_STRICT_PROTOTYPES = YES;
				CLANG_WARN_SUSPICIOUS_MOVE = YES;
				CLANG_WARN_UNGUARDED_AVAILABILITY = YES_AGGRESSIVE;
				CLANG_WARN_UNREACHABLE_CODE = YES;
				CLANG_WARN__DUPLICATE_METHOD_MATCH = YES;
				COPY_PHASE_STRIP = NO;
				DEBUG_INFORMATION_FORMAT = "dwarf-with-dsym";
				DEVELOPMENT_TEAM = 3DR939YJ4V;
				ENABLE_NS_ASSERTIONS = NO;
				ENABLE_STRICT_OBJC_MSGSEND = YES;
				ENABLE_USER_SCRIPT_SANDBOXING = YES;
				GCC_C_LANGUAGE_STANDARD = gnu17;
				GCC_NO_COMMON_BLOCKS = YES;
				GCC_WARN_64_TO_32_BIT_CONVERSION = YES;
				GCC_WARN_ABOUT_RETURN_TYPE = YES_ERROR;
				GCC_WARN_UNDECLARED_SELECTOR = YES;
				GCC_WARN_UNINITIALIZED_AUTOS = YES_AGGRESSIVE;
				GCC_WARN_UNUSED_FUNCTION = YES;
				GCC_WARN_UNUSED_VARIABLE = YES;
				IPHONEOS_DEPLOYMENT_TARGET = 18.2;
				LOCALIZATION_PREFERS_STRING_CATALOGS = YES;
				MTL_ENABLE_DEBUG_INFO = NO;
				MTL_FAST_MATH = YES;
				SDKROOT = iphoneos;
				STRING_CATALOG_GENERATE_SYMBOLS = YES;
				SWIFT_COMPILATION_MODE = wholemodule;
				VALIDATE_PRODUCT = YES;
			};
			name = Release;
		};
		842446F42EE15B7D0018DAA6 /* Debug */ = {
			isa = XCBuildConfiguration;
			buildSettings = {
				ASSETCATALOG_COMPILER_APPICON_NAME = AppIcon;
				ASSETCATALOG_COMPILER_GLOBAL_ACCENT_COLOR_NAME = AccentColor;
				CODE_SIGN_ENTITLEMENTS = VinProWorkoutTracker/VinProWorkoutTracker.entitlements;
				CODE_SIGN_IDENTITY = "Apple Development";
				CODE_SIGN_STYLE = Automatic;
				CURRENT_PROJECT_VERSION = 2;
				DEVELOPMENT_ASSET_PATHS = "\"VinProWorkoutTracker/Preview Content\"";
				DEVELOPMENT_TEAM = 3DR939YJ4V;
				ENABLE_PREVIEWS = YES;
				GENERATE_INFOPLIST_FILE = YES;
				INFOPLIST_FILE = VinProWorkoutTracker/Info.plist;
				INFOPLIST_KEY_CFBundleDisplayName = LiftSphere;
				INFOPLIST_KEY_LSApplicationCategoryType = "public.app-category.sports";
				INFOPLIST_KEY_NSHealthShareUsageDescription = "LiftSphere needs access to read your health data to display body composition, activity, and fitness metrics alongside your workout stats.";
				INFOPLIST_KEY_NSHealthUpdateUsageDescription = "LiftSphere may write workout data to the Health app.";
				INFOPLIST_KEY_NSHumanReadableCopyright = "";
				INFOPLIST_KEY_UIApplicationSceneManifest_Generation = YES;
				INFOPLIST_KEY_UIApplicationSupportsIndirectInputEvents = YES;
				INFOPLIST_KEY_UILaunchScreen_Generation = YES;
				INFOPLIST_KEY_UISupportedInterfaceOrientations_iPad = "UIInterfaceOrientationPortrait UIInterfaceOrientationPortraitUpsideDown UIInterfaceOrientationLandscapeLeft UIInterfaceOrientationLandscapeRight";
				INFOPLIST_KEY_UISupportedInterfaceOrientations_iPhone = "UIInterfaceOrientationPortrait UIInterfaceOrientationLandscapeLeft UIInterfaceOrientationLandscapeRight";
				IPHONEOS_DEPLOYMENT_TARGET = 17.6;
				LD_RUNPATH_SEARCH_PATHS = (
					"$(inherited)",
					"@executable_path/Frameworks",
				);
				MARKETING_VERSION = 4.1;
				PRODUCT_BUNDLE_IDENTIFIER = com.vinay.vinproworkouttracker;
				PRODUCT_NAME = "$(TARGET_NAME)";
				PROVISIONING_PROFILE_SPECIFIER = "";
				SUPPORTED_PLATFORMS = "iphoneos iphonesimulator";
				SUPPORTS_MACCATALYST = NO;
				SUPPORTS_MAC_DESIGNED_FOR_IPHONE_IPAD = NO;
				SUPPORTS_XR_DESIGNED_FOR_IPHONE_IPAD = NO;
				SWIFT_EMIT_LOC_STRINGS = YES;
				SWIFT_VERSION = 5.0;
				TARGETED_DEVICE_FAMILY = 1;
			};
			name = Debug;
		};
		842446F52EE15B7D0018DAA6 /* Release */ = {
			isa = XCBuildConfiguration;
			buildSettings = {
				ASSETCATALOG_COMPILER_APPICON_NAME = AppIcon;
				ASSETCATALOG_COMPILER_GLOBAL_ACCENT_COLOR_NAME = AccentColor;
				CODE_SIGN_ENTITLEMENTS = VinProWorkoutTracker/VinProWorkoutTracker.entitlements;
				CODE_SIGN_IDENTITY = "Apple Development";
				CODE_SIGN_STYLE = Automatic;
				CURRENT_PROJECT_VERSION = 2;
				DEVELOPMENT_ASSET_PATHS = "\"VinProWorkoutTracker/Preview Content\"";
				DEVELOPMENT_TEAM = 3DR939YJ4V;
				ENABLE_PREVIEWS = YES;
				GENERATE_INFOPLIST_FILE = YES;
				INFOPLIST_FILE = VinProWorkoutTracker/Info.plist;
				INFOPLIST_KEY_CFBundleDisplayName = LiftSphere;
				INFOPLIST_KEY_LSApplicationCategoryType = "public.app-category.sports";
				INFOPLIST_KEY_NSHealthShareUsageDescription = "LiftSphere needs access to read your health data to display body composition, activity, and fitness metrics alongside your workout stats.";
				INFOPLIST_KEY_NSHealthUpdateUsageDescription = "LiftSphere may write workout data to the Health app.";
				INFOPLIST_KEY_NSHumanReadableCopyright = "";
				INFOPLIST_KEY_UIApplicationSceneManifest_Generation = YES;
				INFOPLIST_KEY_UIApplicationSupportsIndirectInputEvents = YES;
				INFOPLIST_KEY_UILaunchScreen_Generation = YES;
				INFOPLIST_KEY_UISupportedInterfaceOrientations_iPad = "UIInterfaceOrientationPortrait UIInterfaceOrientationPortraitUpsideDown UIInterfaceOrientationLandscapeLeft UIInterfaceOrientationLandscapeRight";
				INFOPLIST_KEY_UISupportedInterfaceOrientations_iPhone = "UIInterfaceOrientationPortrait UIInterfaceOrientationLandscapeLeft UIInterfaceOrientationLandscapeRight";
				IPHONEOS_DEPLOYMENT_TARGET = 17.6;
				LD_RUNPATH_SEARCH_PATHS = (
					"$(inherited)",
					"@executable_path/Frameworks",
				);
				MARKETING_VERSION = 4.1;
				PRODUCT_BUNDLE_IDENTIFIER = com.vinay.vinproworkouttracker;
				PRODUCT_NAME = "$(TARGET_NAME)";
				PROVISIONING_PROFILE_SPECIFIER = "";
				SUPPORTED_PLATFORMS = "iphoneos iphonesimulator";
				SUPPORTS_MACCATALYST = NO;
				SUPPORTS_MAC_DESIGNED_FOR_IPHONE_IPAD = NO;
				SUPPORTS_XR_DESIGNED_FOR_IPHONE_IPAD = NO;
				SWIFT_EMIT_LOC_STRINGS = YES;
				SWIFT_VERSION = 5.0;
				TARGETED_DEVICE_FAMILY = 1;
			};
			name = Release;
		};
		842446F72EE15B7D0018DAA6 /* Debug */ = {
			isa = XCBuildConfiguration;
			buildSettings = {
				BUNDLE_LOADER = "$(TEST_HOST)";
				CODE_SIGN_STYLE = Automatic;
				CURRENT_PROJECT_VERSION = 1;
				GENERATE_INFOPLIST_FILE = YES;
				IPHONEOS_DEPLOYMENT_TARGET = 18.2;
				MARKETING_VERSION = 1.0;
				PRODUCT_BUNDLE_IDENTIFIER = VinPersonal.VinProWorkoutTrackerTests;
				PRODUCT_NAME = "$(TARGET_NAME)";
				SWIFT_EMIT_LOC_STRINGS = NO;
				SWIFT_VERSION = 5.0;
				TARGETED_DEVICE_FAMILY = "1,2";
				TEST_HOST = "$(BUILT_PRODUCTS_DIR)/VinProWorkoutTracker.app/$(BUNDLE_EXECUTABLE_FOLDER_PATH)/VinProWorkoutTracker";
			};
			name = Debug;
		};
		842446F82EE15B7D0018DAA6 /* Release */ = {
			isa = XCBuildConfiguration;
			buildSettings = {
				BUNDLE_LOADER = "$(TEST_HOST)";
				CODE_SIGN_STYLE = Automatic;
				CURRENT_PROJECT_VERSION = 1;
				GENERATE_INFOPLIST_FILE = YES;
				IPHONEOS_DEPLOYMENT_TARGET = 18.2;
				MARKETING_VERSION = 1.0;
				PRODUCT_BUNDLE_IDENTIFIER = VinPersonal.VinProWorkoutTrackerTests;
				PRODUCT_NAME = "$(TARGET_NAME)";
				SWIFT_EMIT_LOC_STRINGS = NO;
				SWIFT_VERSION = 5.0;
				TARGETED_DEVICE_FAMILY = "1,2";
				TEST_HOST = "$(BUILT_PRODUCTS_DIR)/VinProWorkoutTracker.app/$(BUNDLE_EXECUTABLE_FOLDER_PATH)/VinProWorkoutTracker";
			};
			name = Release;
		};
		842446FA2EE15B7D0018DAA6 /* Debug */ = {
			isa = XCBuildConfiguration;
			buildSettings = {
				CODE_SIGN_STYLE = Automatic;
				CURRENT_PROJECT_VERSION = 1;
				GENERATE_INFOPLIST_FILE = YES;
				MARKETING_VERSION = 1.0;
				PRODUCT_BUNDLE_IDENTIFIER = VinPersonal.VinProWorkoutTrackerUITests;
				PRODUCT_NAME = "$(TARGET_NAME)";
				SWIFT_EMIT_LOC_STRINGS = NO;
				SWIFT_VERSION = 5.0;
				TARGETED_DEVICE_FAMILY = "1,2";
				TEST_TARGET_NAME = VinProWorkoutTracker;
			};
			name = Debug;
		};
		842446FB2EE15B7D0018DAA6 /* Release */ = {
			isa = XCBuildConfiguration;
			buildSettings = {
				CODE_SIGN_STYLE = Automatic;
				CURRENT_PROJECT_VERSION = 1;
				GENERATE_INFOPLIST_FILE = YES;
				MARKETING_VERSION = 1.0;
				PRODUCT_BUNDLE_IDENTIFIER = VinPersonal.VinProWorkoutTrackerUITests;
				PRODUCT_NAME = "$(TARGET_NAME)";
				SWIFT_EMIT_LOC_STRINGS = NO;
				SWIFT_VERSION = 5.0;
				TARGETED_DEVICE_FAMILY = "1,2";
				TEST_TARGET_NAME = VinProWorkoutTracker;
			};
			name = Release;
		};
/* End XCBuildConfiguration section */

/* Begin XCConfigurationList section */
		842446CA2EE15B790018DAA6 /* Build configuration list for PBXProject "VinProWorkoutTracker" */ = {
			isa = XCConfigurationList;
			buildConfigurations = (
				842446F12EE15B7D0018DAA6 /* Debug */,
				842446F22EE15B7D0018DAA6 /* Release */,
			);
			defaultConfigurationIsVisible = 0;
			defaultConfigurationName = Release;
		};
		842446F32EE15B7D0018DAA6 /* Build configuration list for PBXNativeTarget "VinProWorkoutTracker" */ = {
			isa = XCConfigurationList;
			buildConfigurations = (
				842446F42EE15B7D0018DAA6 /* Debug */,
				842446F52EE15B7D0018DAA6 /* Release */,
			);
			defaultConfigurationIsVisible = 0;
			defaultConfigurationName = Release;
		};
		842446F62EE15B7D0018DAA6 /* Build configuration list for PBXNativeTarget "VinProWorkoutTrackerTests" */ = {
			isa = XCConfigurationList;
			buildConfigurations = (
				842446F72EE15B7D0018DAA6 /* Debug */,
				842446F82EE15B7D0018DAA6 /* Release */,
			);
			defaultConfigurationIsVisible = 0;
			defaultConfigurationName = Release;
		};
		842446F92EE15B7D0018DAA6 /* Build configuration list for PBXNativeTarget "VinProWorkoutTrackerUITests" */ = {
			isa = XCConfigurationList;
			buildConfigurations = (
				842446FA2EE15B7D0018DAA6 /* Debug */,
				842446FB2EE15B7D0018DAA6 /* Release */,
			);
			defaultConfigurationIsVisible = 0;
			defaultConfigurationName = Release;
		};
/* End XCConfigurationList section */
	};
	rootObject = 842446C72EE15B790018DAA6 /* Project object */;
}
